
Microsoft Visual Studio Solution File, Format Version 12.00
# 
Project("{2150E333-8FDC-42A3-9474-1A3956D46DE8}") = "src", "src", "{73F15B8E-80C0-4C7B-9D0B-7C610C4D628D}"
EndProject
Project("{FAE04EC0-301F-11D3-BF4B-00C04F79EFBC}") = "BankApi.Api", "src\BankApi.Api\BankApi.Api.csproj", "{8718EF35-6FE3-4288-8586-556193E19B07}"
EndProject
Project("{FAE04EC0-301F-11D3-BF4B-00C04F79EFBC}") = "BankApi.Application", "src\BankApi.Application\BankApi.Application.csproj", "{C9129F2A-09D6-4E26-93D8-CFCFC7AB5D0B}"
EndProject
Project("{FAE04EC0-301F-11D3-BF4B-00C04F79EFBC}") = "BankApi.Core", "src\BankApi.Core\BankApi.Core.csproj", "{1F33A050-9475-49E9-B556-5695388F1AB1}"
EndProject
Project("{FAE04EC0-301F-11D3-BF4B-00C04F79EFBC}") = "BankApi.Infrastructure", "src\BankApi.Infrastructure\BankApi.Infrastructure.csproj", "{481672A5-3DB9-4D67-838D-E2499CC6D688}"
EndProject
Project("{2150E333-8FDC-42A3-9474-1A3956D46DE8}") = "tests", "tests", "{EBEA80DC-4984-4F9F-A084-148C67C94025}"
EndProject
Project("{FAE04EC0-301F-11D3-BF4B-00C04F79EFBC}") = "BankApi.Core.UnitTests", "tests\BankApi.Core.UnitTests\BankApi.Core.UnitTests.csproj", "{4B1ABECA-9A05-48F6-8930-01BF1704F588}"
EndProject
Global
	GlobalSection(SolutionConfigurationPlatforms) = preSolution
		Debug|Any CPU = Debug|Any CPU
		Debug|x64 = Debug|x64
		Debug|x86 = Debug|x86
		Release|Any CPU = Release|Any CPU
		Release|x64 = Release|x64
		Release|x86 = Release|x86
	EndGlobalSection
	GlobalSection(ProjectConfigurationPlatforms) = postSolution
		{8718EF35-6FE3-4288-8586-556193E19B07}.Debug|Any CPU.ActiveCfg = Debug|Any CPU
		{8718EF35-6FE3-4288-8586-556193E19B07}.Debug|Any CPU.Build.0 = Debug|Any CPU
		{8718EF35-6FE3-4288-8586-556193E19B07}.Debug|x64.ActiveCfg = Debug|Any CPU
		{8718EF35-6FE3-4288-8586-556193E19B07}.Debug|x64.Build.0 = Debug|Any CPU
		{8718EF35-6FE3-4288-8586-556193E19B07}.Debug|x86.ActiveCfg = Debug|Any CPU
		{8718EF35-6FE3-4288-8586-556193E19B07}.Debug|x86.Build.0 = Debug|Any CPU
		{8718EF35-6FE3-4288-8586-556193E19B07}.Release|Any CPU.ActiveCfg = Release|Any CPU
		{8718EF35-6FE3-4288-8586-556193E19B07}.Release|Any CPU.Build.0 = Release|Any CPU
		{8718EF35-6FE3-4288-8586-556193E19B07}.Release|x64.ActiveCfg = Release|Any CPU
		{8718EF35-6FE3-4288-8586-556193E19B07}.Release|x64.Build.0 = Release|Any CPU
		{8718EF35-6FE3-4288-8586-556193E19B07}.Release|x86.ActiveCfg = Release|Any CPU
		{8718EF35-6FE3-4288-8586-556193E19B07}.Release|x86.Build.0 = Release|Any CPU
		{C9129F2A-09D6-4E26-93D8-CFCFC7AB5D0B}.Debug|Any CPU.ActiveCfg = Debug|Any CPU
		{C9129F2A-09D6-4E26-93D8-CFCFC7AB5D0B}.Debug|Any CPU.Build.0 = Debug|Any CPU
		{C9129F2A-09D6-4E26-93D8-CFCFC7AB5D0B}.Debug|x64.ActiveCfg = Debug|Any CPU
		{C9129F2A-09D6-4E26-93D8-CFCFC7AB5D0B}.Debug|x64.Build.0 = Debug|Any CPU
		{C9129F2A-09D6-4E26-93D8-CFCFC7AB5D0B}.Debug|x86.ActiveCfg = Debug|Any CPU
		{C9129F2A-09D6-4E26-93D8-CFCFC7AB5D0B}.Debug|x86.Build.0 = Debug|Any CPU
		{C9129F2A-09D6-4E26-93D8-CFCFC7AB5D0B}.Release|Any CPU.ActiveCfg = Release|Any CPU
		{C9129F2A-09D6-4E26-93D8-CFCFC7AB5D0B}.Release|Any CPU.Build.0 = Release|Any CPU
		{C9129F2A-09D6-4E26-93D8-CFCFC7AB5D0B}.Release|x64.ActiveCfg = Release|Any CPU
		{C9129F2A-09D6-4E26-93D8-CFCFC7AB5D0B}.Release|x64.Build.0 = Release|Any CPU
		{C9129F2A-09D6-4E26-93D8-CFCFC7AB5D0B}.Release|x86.ActiveCfg = Release|Any CPU
		{C9129F2A-09D6-4E26-93D8-CFCFC7AB5D0B}.Release|x86.Build.0 = Release|Any CPU
		{1F33A050-9475-49E9-B556-5695388F1AB1}.Debug|Any CPU.ActiveCfg = Debug|Any CPU
		{1F33A050-9475-49E9-B556-5695388F1AB1}.Debug|Any CPU.Build.0 = Debug|Any CPU
		{1F33A050-9475-49E9-B556-5695388F1AB1}.Debug|x64.ActiveCfg = Debug|Any CPU
		{1F33A050-9475-49E9-B556-5695388F1AB1}.Debug|x64.Build.0 = Debug|Any CPU
		{1F33A050-9475-49E9-B556-5695388F1AB1}.Debug|x86.ActiveCfg = Debug|Any CPU
		{1F33A050-9475-49E9-B556-5695388F1AB1}.Debug|x86.Build.0 = Debug|Any CPU
		{1F33A050-9475-49E9-B556-5695388F1AB1}.Release|Any CPU.ActiveCfg = Release|Any CPU
		{1F33A050-9475-49E9-B556-5695388F1AB1}.Release|Any CPU.Build.0 = Release|Any CPU
		{1F33A050-9475-49E9-B556-5695388F1AB1}.Release|x64.ActiveCfg = Release|Any CPU
		{1F33A050-9475-49E9-B556-5695388F1AB1}.Release|x64.Build.0 = Release|Any CPU
		{1F33A050-9475-49E9-B556-5695388F1AB1}.Release|x86.ActiveCfg = Release|Any CPU
		{1F33A050-9475-49E9-B556-5695388F1AB1}.Release|x86.Build.0 = Release|Any CPU
		{481672A5-3DB9-4D67-838D-E2499CC6D688}.Debug|Any CPU.ActiveCfg = Debug|Any CPU
		{481672A5-3DB9-4D67-838D-E2499CC6D688}.Debug|Any CPU.Build.0 = Debug|Any CPU
		{481672A5-3DB9-4D67-838D-E2499CC6D688}.Debug|x64.ActiveCfg = Debug|Any CPU
		{481672A5-3DB9-4D67-838D-E2499CC6D688}.Debug|x64.Build.0 = Debug|Any CPU
		{481672A5-3DB9-4D67-838D-E2499CC6D688}.Debug|x86.ActiveCfg = Debug|Any CPU
		{481672A5-3DB9-4D67-838D-E2499CC6D688}.Debug|x86.Build.0 = Debug|Any CPU
		{481672A5-3DB9-4D67-838D-E2499CC6D688}.Release|Any CPU.ActiveCfg = Release|Any CPU
		{481672A5-3DB9-4D67-838D-E2499CC6D688}.Release|Any CPU.Build.0 = Release|Any CPU
		{481672A5-3DB9-4D67-838D-E2499CC6D688}.Release|x64.ActiveCfg = Release|Any CPU
		{481672A5-3DB9-4D67-838D-E2499CC6D688}.Release|x64.Build.0 = Release|Any CPU
		{481672A5-3DB9-4D67-838D-E2499CC6D688}.Release|x86.ActiveCfg = Release|Any CPU
		{481672A5-3DB9-4D67-838D-E2499CC6D688}.Release|x86.Build.0 = Release|Any CPU
		{4B1ABECA-9A05-48F6-8930-01BF1704F588}.Debug|Any CPU.ActiveCfg = Debug|Any CPU
		{4B1ABECA-9A05-48F6-8930-01BF1704F588}.Debug|Any CPU.Build.0 = Debug|Any CPU
		{4B1ABECA-9A05-48F6-8930-01BF1704F588}.Debug|x64.ActiveCfg = Debug|Any CPU
		{4B1ABECA-9A05-48F6-8930-01BF1704F588}.Debug|x64.Build.0 = Debug|Any CPU
		{4B1ABECA-9A05-48F6-8930-01BF1704F588}.Debug|x86.ActiveCfg = Debug|Any CPU
		{4B1ABECA-9A05-48F6-8930-01BF1704F588}.Debug|x86.Build.0 = Debug|Any CPU
		{4B1ABECA-9A05-48F6-8930-01BF1704F588}.Release|Any CPU.ActiveCfg = Release|Any CPU
		{4B1ABECA-9A05-48F6-8930-01BF1704F588}.Release|Any CPU.Build.0 = Release|Any CPU
		{4B1ABECA-9A05-48F6-8930-01BF1704F588}.Release|x64.ActiveCfg = Release|Any CPU
		{4B1ABECA-9A05-48F6-8930-01BF1704F588}.Release|x64.Build.0 = Release|Any CPU
		{4B1ABECA-9A05-48F6-8930-01BF1704F588}.Release|x86.ActiveCfg = Release|Any CPU
		{4B1ABECA-9A05-48F6-8930-01BF1704F588}.Release|x86.Build.0 = Release|Any CPU
	EndGlobalSection
	GlobalSection(NestedProjects) = preSolution
		{8718EF35-6FE3-4288-8586-556193E19B07} = {73F15B8E-80C0-4C7B-9D0B-7C610C4D628D}
		{C9129F2A-09D6-4E26-93D8-CFCFC7AB5D0B} = {73F15B8E-80C0-4C7B-9D0B-7C610C4D628D}
		{1F33A050-9475-49E9-B556-5695388F1AB1} = {73F15B8E-80C0-4C7B-9D0B-7C610C4D628D}
		{481672A5-3DB9-4D67-838D-E2499CC6D688} = {73F15B8E-80C0-4C7B-9D0B-7C610C4D628D}
		{4B1ABECA-9A05-48F6-8930-01BF1704F588} = {EBEA80DC-4984-4F9F-A084-148C67C94025}
	EndGlobalSection
EndGlobal
